
Microsoft Visual Studio Solution File, Format Version 12.00
# Visual Studio Version 17
VisualStudioVersion = 17.8.34902.127
MinimumVisualStudioVersion = 10.0.40219.1
Project("{FAE04EC0-301F-11D3-BF4B-00C04F79EFBC}") = "WebApp", "WebApp.csproj", "{D19A1A3A-B6F1-44D0-B90D-75A4D951040D}"
EndProject
Global
	GlobalSection(SolutionConfigurationPlatforms) = preSolution
		Debug|Any CPU = Debug|Any CPU
		Release|Any CPU = Release|Any CPU
	EndGlobalSection
	GlobalSection(ProjectConfigurationPlatforms) = postSolution
		{D19A1A3A-B6F1-44D0-B90D-75A4D951040D}.Debug|Any CPU.ActiveCfg = Debug|Any CPU
		{D19A1A3A-B6F1-44D0-B90D-75A4D951040D}.Debug|Any CPU.Build.0 = Debug|Any CPU
		{D19A1A3A-B6F1-44D0-B90D-75A4D951040D}.Release|Any CPU.ActiveCfg = Release|Any CPU
		{D19A1A3A-B6F1-44D0-B90D-75A4D951040D}.Release|Any CPU.Build.0 = Release|Any CPU
	EndGlobalSection
	GlobalSection(SolutionProperties) = preSolution
		HideSolutionNode = FALSE
	EndGlobalSection
	GlobalSection(ExtensibilityGlobals) = postSolution
		SolutionGuid = {CDD3A6CF-70B4-4D4B-B98C-9B24DF30EBF5}
	EndGlobalSection
EndGlobal
